
Microsoft Visual Studio Solution File, Format Version 12.00
# Visual Studio Version 17
VisualStudioVersion = 17.4.33205.214
MinimumVisualStudioVersion = 10.0.40219.1
Project("{FAE04EC0-301F-11D3-BF4B-00C04F79EFBC}") = "RepositoryPatternWithUnitOfWorkApi", "RepositoryPatternWithUnitOfWorkApi\RepositoryPatternWithUnitOfWorkApi.csproj", "{415C27E2-C1E6-478C-9061-797FAC7AF4CC}"
EndProject
Project("{FAE04EC0-301F-11D3-BF4B-00C04F79EFBC}") = "RepositoryPatternWithUnitOfWorkCore", "RepositoryPatternWithUnitOfWorkCore\RepositoryPatternWithUnitOfWorkCore.csproj", "{08457176-7D95-4C73-AAC6-FFA297A32D3A}"
EndProject
Project("{FAE04EC0-301F-11D3-BF4B-00C04F79EFBC}") = "RepositoryPatternWithUnitOfWorkEF", "RepositoryPatternWithUnitOfWorkEF\RepositoryPatternWithUnitOfWorkEF.csproj", "{7E9A71A6-042E-46B4-84EE-2B0C09C885E2}"
EndProject
Global
	GlobalSection(SolutionConfigurationPlatforms) = preSolution
		Debug|Any CPU = Debug|Any CPU
		Release|Any CPU = Release|Any CPU
	EndGlobalSection
	GlobalSection(ProjectConfigurationPlatforms) = postSolution
		{415C27E2-C1E6-478C-9061-797FAC7AF4CC}.Debug|Any CPU.ActiveCfg = Debug|Any CPU
		{415C27E2-C1E6-478C-9061-797FAC7AF4CC}.Debug|Any CPU.Build.0 = Debug|Any CPU
		{415C27E2-C1E6-478C-9061-797FAC7AF4CC}.Release|Any CPU.ActiveCfg = Release|Any CPU
		{415C27E2-C1E6-478C-9061-797FAC7AF4CC}.Release|Any CPU.Build.0 = Release|Any CPU
		{08457176-7D95-4C73-AAC6-FFA297A32D3A}.Debug|Any CPU.ActiveCfg = Debug|Any CPU
		{08457176-7D95-4C73-AAC6-FFA297A32D3A}.Debug|Any CPU.Build.0 = Debug|Any CPU
		{08457176-7D95-4C73-AAC6-FFA297A32D3A}.Release|Any CPU.ActiveCfg = Release|Any CPU
		{08457176-7D95-4C73-AAC6-FFA297A32D3A}.Release|Any CPU.Build.0 = Release|Any CPU
		{7E9A71A6-042E-46B4-84EE-2B0C09C885E2}.Debug|Any CPU.ActiveCfg = Debug|Any CPU
		{7E9A71A6-042E-46B4-84EE-2B0C09C885E2}.Debug|Any CPU.Build.0 = Debug|Any CPU
		{7E9A71A6-042E-46B4-84EE-2B0C09C885E2}.Release|Any CPU.ActiveCfg = Release|Any CPU
		{7E9A71A6-042E-46B4-84EE-2B0C09C885E2}.Release|Any CPU.Build.0 = Release|Any CPU
	EndGlobalSection
	GlobalSection(SolutionProperties) = preSolution
		HideSolutionNode = FALSE
	EndGlobalSection
	GlobalSection(ExtensibilityGlobals) = postSolution
		SolutionGuid = {AE9FBE47-76C5-4649-80BF-C36A967CAA43}
	EndGlobalSection
EndGlobal
